// !$*UTF8*$!
{
	archiveVersion = 1;
	classes = {
	};
	objectVersion = 46;
	objects = {

/* Begin PBXBuildFile section */
		8619D00F1DD07531003BDAD7 /* AppDelegate.swift in Sources */ = {isa = PBXBuildFile; fileRef = 8619D00E1DD07531003BDAD7 /* AppDelegate.swift */; };
		8619D0111DD07531003BDAD7 /* ViewController.swift in Sources */ = {isa = PBXBuildFile; fileRef = 8619D0101DD07531003BDAD7 /* ViewController.swift */; };
		8619D0141DD07531003BDAD7 /* Main.storyboard in Resources */ = {isa = PBXBuildFile; fileRef = 8619D0121DD07531003BDAD7 /* Main.storyboard */; };
		8619D0161DD07531003BDAD7 /* Assets.xcassets in Resources */ = {isa = PBXBuildFile; fileRef = 8619D0151DD07531003BDAD7 /* Assets.xcassets */; };
		8619D0191DD07531003BDAD7 /* LaunchScreen.storyboard in Resources */ = {isa = PBXBuildFile; fileRef = 8619D0171DD07531003BDAD7 /* LaunchScreen.storyboard */; };
		8619D0411DD07651003BDAD7 /* PersonModel.swift in Sources */ = {isa = PBXBuildFile; fileRef = 8619D0401DD07651003BDAD7 /* PersonModel.swift */; };
		E883834E1F6A47AD0026B786 /* ZYBaseModel.swift in Sources */ = {isa = PBXBuildFile; fileRef = E883834D1F6A47AD0026B786 /* ZYBaseModel.swift */; };
/* End PBXBuildFile section */

/* Begin PBXContainerItemProxy section */
		8619D0201DD07531003BDAD7 /* PBXContainerItemProxy */ = {
			isa = PBXContainerItemProxy;
			containerPortal = 8619D0031DD07531003BDAD7 /* Project object */;
			proxyType = 1;
			remoteGlobalIDString = 8619D00A1DD07531003BDAD7;
			remoteInfo = "BaseModel封装";
		};
		8619D02B1DD07531003BDAD7 /* PBXContainerItemProxy */ = {
			isa = PBXContainerItemProxy;
			containerPortal = 8619D0031DD07531003BDAD7 /* Project object */;
			proxyType = 1;
			remoteGlobalIDString = 8619D00A1DD07531003BDAD7;
			remoteInfo = "BaseModel封装";
		};
/* End PBXContainerItemProxy section */

/* Begin PBXFileReference section */
		8619D00E1DD07531003BDAD7 /* AppDelegate.swift */ = {isa = PBXFileReference; lastKnownFileType = sourcecode.swift; path = AppDelegate.swift; sourceTree = "<group>"; };
		8619D0101DD07531003BDAD7 /* ViewController.swift */ = {isa = PBXFileReference; lastKnownFileType = sourcecode.swift; path = ViewController.swift; sourceTree = "<group>"; };
		8619D0131DD07531003BDAD7 /* Base */ = {isa = PBXFileReference; lastKnownFileType = file.storyboard; name = Base; path = Base.lproj/Main.storyboard; sourceTree = "<group>"; };
		8619D0151DD07531003BDAD7 /* Assets.xcassets */ = {isa = PBXFileReference; lastKnownFileType = folder.assetcatalog; path = Assets.xcassets; sourceTree = "<group>"; };
		8619D0181DD07531003BDAD7 /* Base */ = {isa = PBXFileReference; lastKnownFileType = file.storyboard; name = Base; path = Base.lproj/LaunchScreen.storyboard; sourceTree = "<group>"; };
		8619D01A1DD07531003BDAD7 /* Info.plist */ = {isa = PBXFileReference; lastKnownFileType = text.plist.xml; path = Info.plist; sourceTree = "<group>"; };
		8619D0401DD07651003BDAD7 /* PersonModel.swift */ = {isa = PBXFileReference; fileEncoding = 4; lastKnownFileType = sourcecode.swift; path = PersonModel.swift; sourceTree = "<group>"; };
		E883834A1F6A472E0026B786 /* BaseModel封装.app */ = {isa = PBXFileReference; explicitFileType = wrapper.application; includeInIndex = 0; path = "BaseModel封装.app"; sourceTree = BUILT_PRODUCTS_DIR; };
		E883834B1F6A472E0026B786 /* BaseModel封装Tests.xctest */ = {isa = PBXFileReference; explicitFileType = wrapper.cfbundle; includeInIndex = 0; path = "BaseModel封装Tests.xctest"; sourceTree = BUILT_PRODUCTS_DIR; };
		E883834C1F6A472E0026B786 /* BaseModel封装UITests.xctest */ = {isa = PBXFileReference; explicitFileType = wrapper.cfbundle; includeInIndex = 0; path = "BaseModel封装UITests.xctest"; sourceTree = BUILT_PRODUCTS_DIR; };
		E883834D1F6A47AD0026B786 /* ZYBaseModel.swift */ = {isa = PBXFileReference; fileEncoding = 4; lastKnownFileType = sourcecode.swift; path = ZYBaseModel.swift; sourceTree = "<group>"; };
/* End PBXFileReference section */

/* Begin PBXFrameworksBuildPhase section */
		8619D0081DD07531003BDAD7 /* Frameworks */ = {
			isa = PBXFrameworksBuildPhase;
			buildActionMask = 2147483647;
			files = (
			);
			runOnlyForDeploymentPostprocessing = 0;
		};
		8619D01C1DD07531003BDAD7 /* Frameworks */ = {
			isa = PBXFrameworksBuildPhase;
			buildActionMask = 2147483647;
			files = (
			);
			runOnlyForDeploymentPostprocessing = 0;
		};
		8619D0271DD07531003BDAD7 /* Frameworks */ = {
			isa = PBXFrameworksBuildPhase;
			buildActionMask = 2147483647;
			files = (
			);
			runOnlyForDeploymentPostprocessing = 0;
		};
/* End PBXFrameworksBuildPhase section */

/* Begin PBXGroup section */
		8619D0021DD07531003BDAD7 = {
			isa = PBXGroup;
			children = (
				8619D00D1DD07531003BDAD7 /* BaseModel封装 */,
				E883834A1F6A472E0026B786 /* BaseModel封装.app */,
				E883834B1F6A472E0026B786 /* BaseModel封装Tests.xctest */,
				E883834C1F6A472E0026B786 /* BaseModel封装UITests.xctest */,
			);
			sourceTree = "<group>";
		};
		8619D00D1DD07531003BDAD7 /* BaseModel封装 */ = {
			isa = PBXGroup;
			children = (
				8619D03C1DD0753C003BDAD7 /* BaseModel */,
				8619D00E1DD07531003BDAD7 /* AppDelegate.swift */,
				8619D03F1DD0763E003BDAD7 /* 自定义的model */,
				8619D0101DD07531003BDAD7 /* ViewController.swift */,
				8619D0121DD07531003BDAD7 /* Main.storyboard */,
				8619D0151DD07531003BDAD7 /* Assets.xcassets */,
				8619D0171DD07531003BDAD7 /* LaunchScreen.storyboard */,
				8619D01A1DD07531003BDAD7 /* Info.plist */,
			);
			path = "BaseModel封装";
			sourceTree = "<group>";
		};
		8619D03C1DD0753C003BDAD7 /* BaseModel */ = {
			isa = PBXGroup;
			children = (
				E883834D1F6A47AD0026B786 /* ZYBaseModel.swift */,
			);
			path = BaseModel;
			sourceTree = "<group>";
		};
		8619D03F1DD0763E003BDAD7 /* 自定义的model */ = {
			isa = PBXGroup;
			children = (
				8619D0401DD07651003BDAD7 /* PersonModel.swift */,
			);
			name = "自定义的model";
			sourceTree = "<group>";
		};
/* End PBXGroup section */

/* Begin PBXNativeTarget section */
		8619D00A1DD07531003BDAD7 /* BaseModel封装 */ = {
			isa = PBXNativeTarget;
			buildConfigurationList = 8619D0331DD07531003BDAD7 /* Build configuration list for PBXNativeTarget "BaseModel封装" */;
			buildPhases = (
				8619D0071DD07531003BDAD7 /* Sources */,
				8619D0081DD07531003BDAD7 /* Frameworks */,
				8619D0091DD07531003BDAD7 /* Resources */,
			);
			buildRules = (
			);
			dependencies = (
			);
			name = "BaseModel封装";
			productName = "BaseModel封装";
			productReference = E883834A1F6A472E0026B786 /* BaseModel封装.app */;
			productType = "com.apple.product-type.application";
		};
		8619D01E1DD07531003BDAD7 /* BaseModel封装Tests */ = {
			isa = PBXNativeTarget;
			buildConfigurationList = 8619D0361DD07531003BDAD7 /* Build configuration list for PBXNativeTarget "BaseModel封装Tests" */;
			buildPhases = (
				8619D01B1DD07531003BDAD7 /* Sources */,
				8619D01C1DD07531003BDAD7 /* Frameworks */,
				8619D01D1DD07531003BDAD7 /* Resources */,
			);
			buildRules = (
			);
			dependencies = (
				8619D0211DD07531003BDAD7 /* PBXTargetDependency */,
			);
			name = "BaseModel封装Tests";
			productName = "BaseModel封装Tests";
			productReference = E883834B1F6A472E0026B786 /* BaseModel封装Tests.xctest */;
			productType = "com.apple.product-type.bundle.unit-test";
		};
		8619D0291DD07531003BDAD7 /* BaseModel封装UITests */ = {
			isa = PBXNativeTarget;
			buildConfigurationList = 8619D0391DD07531003BDAD7 /* Build configuration list for PBXNativeTarget "BaseModel封装UITests" */;
			buildPhases = (
				8619D0261DD07531003BDAD7 /* Sources */,
				8619D0271DD07531003BDAD7 /* Frameworks */,
				8619D0281DD07531003BDAD7 /* Resources */,
			);
			buildRules = (
			);
			dependencies = (
				8619D02C1DD07531003BDAD7 /* PBXTargetDependency */,
			);
			name = "BaseModel封装UITests";
			productName = "BaseModel封装UITests";
			productReference = E883834C1F6A472E0026B786 /* BaseModel封装UITests.xctest */;
			productType = "com.apple.product-type.bundle.ui-testing";
		};
/* End PBXNativeTarget section */

/* Begin PBXProject section */
		8619D0031DD07531003BDAD7 /* Project object */ = {
			isa = PBXProject;
			attributes = {
				LastSwiftUpdateCheck = 0800;
				LastUpgradeCheck = 0800;
				ORGANIZATIONNAME = ybon;
				TargetAttributes = {
					8619D00A1DD07531003BDAD7 = {
						CreatedOnToolsVersion = 8.0;
						ProvisioningStyle = Automatic;
					};
					8619D01E1DD07531003BDAD7 = {
						CreatedOnToolsVersion = 8.0;
						ProvisioningStyle = Automatic;
						TestTargetID = 8619D00A1DD07531003BDAD7;
					};
					8619D0291DD07531003BDAD7 = {
						CreatedOnToolsVersion = 8.0;
						ProvisioningStyle = Automatic;
						TestTargetID = 8619D00A1DD07531003BDAD7;
					};
				};
			};
			buildConfigurationList = 8619D0061DD07531003BDAD7 /* Build configuration list for PBXProject "BaseModel封装" */;
			compatibilityVersion = "Xcode 3.2";
			developmentRegion = English;
			hasScannedForEncodings = 0;
			knownRegions = (
				en,
				Base,
			);
			mainGroup = 8619D0021DD07531003BDAD7;
			productRefGroup = 8619D0021DD07531003BDAD7;
			projectDirPath = "";
			projectRoot = "";
			targets = (
				8619D00A1DD07531003BDAD7 /* BaseModel封装 */,
				8619D01E1DD07531003BDAD7 /* BaseModel封装Tests */,
				8619D0291DD07531003BDAD7 /* BaseModel封装UITests */,
			);
		};
/* End PBXProject section */

/* Begin PBXResourcesBuildPhase section */
		8619D0091DD07531003BDAD7 /* Resources */ = {
			isa = PBXResourcesBuildPhase;
			buildActionMask = 2147483647;
			files = (
				8619D0191DD07531003BDAD7 /* LaunchScreen.storyboard in Resources */,
				8619D0161DD07531003BDAD7 /* Assets.xcassets in Resources */,
				8619D0141DD07531003BDAD7 /* Main.storyboard in Resources */,
			);
			runOnlyForDeploymentPostprocessing = 0;
		};
		8619D01D1DD07531003BDAD7 /* Resources */ = {
			isa = PBXResourcesBuildPhase;
			buildActionMask = 2147483647;
			files = (
			);
			runOnlyForDeploymentPostprocessing = 0;
		};
		8619D0281DD07531003BDAD7 /* Resources */ = {
			isa = PBXResourcesBuildPhase;
			buildActionMask = 2147483647;
			files = (
			);
			runOnlyForDeploymentPostprocessing = 0;
		};
/* End PBXResourcesBuildPhase section */

/* Begin PBXSourcesBuildPhase section */
		8619D0071DD07531003BDAD7 /* Sources */ = {
			isa = PBXSourcesBuildPhase;
			buildActionMask = 2147483647;
			files = (
				8619D0411DD07651003BDAD7 /* PersonModel.swift in Sources */,
				8619D0111DD07531003BDAD7 /* ViewController.swift in Sources */,
				E883834E1F6A47AD0026B786 /* ZYBaseModel.swift in Sources */,
				8619D00F1DD07531003BDAD7 /* AppDelegate.swift in Sources */,
			);
			runOnlyForDeploymentPostprocessing = 0;
		};
		8619D01B1DD07531003BDAD7 /* Sources */ = {
			isa = PBXSourcesBuildPhase;
			buildActionMask = 2147483647;
			files = (
			);
			runOnlyForDeploymentPostprocessing = 0;
		};
		8619D0261DD07531003BDAD7 /* Sources */ = {
			isa = PBXSourcesBuildPhase;
			buildActionMask = 2147483647;
			files = (
			);
			runOnlyForDeploymentPostprocessing = 0;
		};
/* End PBXSourcesBuildPhase section */

/* Begin PBXTargetDependency section */
		8619D0211DD07531003BDAD7 /* PBXTargetDependency */ = {
			isa = PBXTargetDependency;
			target = 8619D00A1DD07531003BDAD7 /* BaseModel封装 */;
			targetProxy = 8619D0201DD07531003BDAD7 /* PBXContainerItemProxy */;
		};
		8619D02C1DD07531003BDAD7 /* PBXTargetDependency */ = {
			isa = PBXTargetDependency;
			target = 8619D00A1DD07531003BDAD7 /* BaseModel封装 */;
			targetProxy = 8619D02B1DD07531003BDAD7 /* PBXContainerItemProxy */;
		};
/* End PBXTargetDependency section */

/* Begin PBXVariantGroup section */
		8619D0121DD07531003BDAD7 /* Main.storyboard */ = {
			isa = PBXVariantGroup;
			children = (
				8619D0131DD07531003BDAD7 /* Base */,
			);
			name = Main.storyboard;
			sourceTree = "<group>";
		};
		8619D0171DD07531003BDAD7 /* LaunchScreen.storyboard */ = {
			isa = PBXVariantGroup;
			children = (
				8619D0181DD07531003BDAD7 /* Base */,
			);
			name = LaunchScreen.storyboard;
			sourceTree = "<group>";
		};
/* End PBXVariantGroup section */

/* Begin XCBuildConfiguration section */
		8619D0311DD07531003BDAD7 /* Debug */ = {
			isa = XCBuildConfiguration;
			buildSettings = {
				ALWAYS_SEARCH_USER_PATHS = NO;
				CLANG_ANALYZER_NONNULL = YES;
				CLANG_CXX_LANGUAGE_STANDARD = "gnu++0x";
				CLANG_CXX_LIBRARY = "libc++";
				CLANG_ENABLE_MODULES = YES;
				CLANG_ENABLE_OBJC_ARC = YES;
				CLANG_WARN_BOOL_CONVERSION = YES;
				CLANG_WARN_CONSTANT_CONVERSION = YES;
				CLANG_WARN_DIRECT_OBJC_ISA_USAGE = YES_ERROR;
				CLANG_WARN_DOCUMENTATION_COMMENTS = YES;
				CLANG_WARN_EMPTY_BODY = YES;
				CLANG_WARN_ENUM_CONVERSION = YES;
				CLANG_WARN_INFINITE_RECURSION = YES;
				CLANG_WARN_INT_CONVERSION = YES;
				CLANG_WARN_OBJC_ROOT_CLASS = YES_ERROR;
				CLANG_WARN_SUSPICIOUS_MOVES = YES;
				CLANG_WARN_UNREACHABLE_CODE = YES;
				CLANG_WARN__DUPLICATE_METHOD_MATCH = YES;
				"CODE_SIGN_IDENTITY[sdk=iphoneos*]" = "iPhone Developer";
				COPY_PHASE_STRIP = NO;
				DEBUG_INFORMATION_FORMAT = dwarf;
				ENABLE_STRICT_OBJC_MSGSEND = YES;
				ENABLE_TESTABILITY = YES;
				GCC_C_LANGUAGE_STANDARD = gnu99;
				GCC_DYNAMIC_NO_PIC = NO;
				GCC_NO_COMMON_BLOCKS = YES;
				GCC_OPTIMIZATION_LEVEL = 0;
				GCC_PREPROCESSOR_DEFINITIONS = (
					"DEBUG=1",
					"$(inherited)",
				);
				GCC_WARN_64_TO_32_BIT_CONVERSION = YES;
				GCC_WARN_ABOUT_RETURN_TYPE = YES_ERROR;
				GCC_WARN_UNDECLARED_SELECTOR = YES;
				GCC_WARN_UNINITIALIZED_AUTOS = YES_AGGRESSIVE;
				GCC_WARN_UNUSED_FUNCTION = YES;
				GCC_WARN_UNUSED_VARIABLE = YES;
				IPHONEOS_DEPLOYMENT_TARGET = 10.0;
				MTL_ENABLE_DEBUG_INFO = YES;
				ONLY_ACTIVE_ARCH = YES;
				SDKROOT = iphoneos;
				SWIFT_ACTIVE_COMPILATION_CONDITIONS = DEBUG;
				SWIFT_OPTIMIZATION_LEVEL = "-Onone";
				TARGETED_DEVICE_FAMILY = "1,2";
			};
			name = Debug;
		};
		8619D0321DD07531003BDAD7 /* Release */ = {
			isa = XCBuildConfiguration;
			buildSettings = {
				ALWAYS_SEARCH_USER_PATHS = NO;
				CLANG_ANALYZER_NONNULL = YES;
				CLANG_CXX_LANGUAGE_STANDARD = "gnu++0x";
				CLANG_CXX_LIBRARY = "libc++";
				CLANG_ENABLE_MODULES = YES;
				CLANG_ENABLE_OBJC_ARC = YES;
				CLANG_WARN_BOOL_CONVERSION = YES;
				CLANG_WARN_CONSTANT_CONVERSION = YES;
				CLANG_WARN_DIRECT_OBJC_ISA_USAGE = YES_ERROR;
				CLANG_WARN_DOCUMENTATION_COMMENTS = YES;
				CLANG_WARN_EMPTY_BODY = YES;
				CLANG_WARN_ENUM_CONVERSION = YES;
				CLANG_WARN_INFINITE_RECURSION = YES;
				CLANG_WARN_INT_CONVERSION = YES;
				CLANG_WARN_OBJC_ROOT_CLASS = YES_ERROR;
				CLANG_WARN_SUSPICIOUS_MOVES = YES;
				CLANG_WARN_UNREACHABLE_CODE = YES;
				CLANG_WARN__DUPLICATE_METHOD_MATCH = YES;
				"CODE_SIGN_IDENTITY[sdk=iphoneos*]" = "iPhone Developer";
				COPY_PHASE_STRIP = NO;
				DEBUG_INFORMATION_FORMAT = "dwarf-with-dsym";
				ENABLE_NS_ASSERTIONS = NO;
				ENABLE_STRICT_OBJC_MSGSEND = YES;
				GCC_C_LANGUAGE_STANDARD = gnu99;
				GCC_NO_COMMON_BLOCKS = YES;
				GCC_WARN_64_TO_32_BIT_CONVERSION = YES;
				GCC_WARN_ABOUT_RETURN_TYPE = YES_ERROR;
				GCC_WARN_UNDECLARED_SELECTOR = YES;
				GCC_WARN_UNINITIALIZED_AUTOS = YES_AGGRESSIVE;
				GCC_WARN_UNUSED_FUNCTION = YES;
				GCC_WARN_UNUSED_VARIABLE = YES;
				IPHONEOS_DEPLOYMENT_TARGET = 10.0;
				MTL_ENABLE_DEBUG_INFO = NO;
				SDKROOT = iphoneos;
				SWIFT_OPTIMIZATION_LEVEL = "-Owholemodule";
				TARGETED_DEVICE_FAMILY = "1,2";
				VALIDATE_PRODUCT = YES;
			};
			name = Release;
		};
		8619D0341DD07531003BDAD7 /* Debug */ = {
			isa = XCBuildConfiguration;
			buildSettings = {
				ASSETCATALOG_COMPILER_APPICON_NAME = AppIcon;
				INFOPLIST_FILE = "BaseModel封装/Info.plist";
				LD_RUNPATH_SEARCH_PATHS = "$(inherited) @executable_path/Frameworks";
				PRODUCT_BUNDLE_IDENTIFIER = "ybon.BaseModel--";
				PRODUCT_NAME = "$(TARGET_NAME)";
				SWIFT_VERSION = 3.0;
			};
			name = Debug;
		};
		8619D0351DD07531003BDAD7 /* Release */ = {
			isa = XCBuildConfiguration;
			buildSettings = {
				ASSETCATALOG_COMPILER_APPICON_NAME = AppIcon;
				INFOPLIST_FILE = "BaseModel封装/Info.plist";
				LD_RUNPATH_SEARCH_PATHS = "$(inherited) @executable_path/Frameworks";
				PRODUCT_BUNDLE_IDENTIFIER = "ybon.BaseModel--";
				PRODUCT_NAME = "$(TARGET_NAME)";
				SWIFT_VERSION = 3.0;
			};
			name = Release;
		};
		8619D0371DD07531003BDAD7 /* Debug */ = {
			isa = XCBuildConfiguration;
			buildSettings = {
				ALWAYS_EMBED_SWIFT_STANDARD_LIBRARIES = YES;
				BUNDLE_LOADER = "$(TEST_HOST)";
				INFOPLIST_FILE = "BaseModel封装Tests/Info.plist";
				LD_RUNPATH_SEARCH_PATHS = "$(inherited) @executable_path/Frameworks @loader_path/Frameworks";
				PRODUCT_BUNDLE_IDENTIFIER = "ybon.BaseModel--Tests";
				PRODUCT_NAME = "$(TARGET_NAME)";
				SWIFT_VERSION = 3.0;
				TEST_HOST = "$(BUILT_PRODUCTS_DIR)/BaseModel封装.app/BaseModel封装";
			};
			name = Debug;
		};
		8619D0381DD07531003BDAD7 /* Release */ = {
			isa = XCBuildConfiguration;
			buildSettings = {
				ALWAYS_EMBED_SWIFT_STANDARD_LIBRARIES = YES;
				BUNDLE_LOADER = "$(TEST_HOST)";
				INFOPLIST_FILE = "BaseModel封装Tests/Info.plist";
				LD_RUNPATH_SEARCH_PATHS = "$(inherited) @executable_path/Frameworks @loader_path/Frameworks";
				PRODUCT_BUNDLE_IDENTIFIER = "ybon.BaseModel--Tests";
				PRODUCT_NAME = "$(TARGET_NAME)";
				SWIFT_VERSION = 3.0;
				TEST_HOST = "$(BUILT_PRODUCTS_DIR)/BaseModel封装.app/BaseModel封装";
			};
			name = Release;
		};
		8619D03A1DD07531003BDAD7 /* Debug */ = {
			isa = XCBuildConfiguration;
			buildSettings = {
				ALWAYS_EMBED_SWIFT_STANDARD_LIBRARIES = YES;
				INFOPLIST_FILE = "BaseModel封装UITests/Info.plist";
				LD_RUNPATH_SEARCH_PATHS = "$(inherited) @executable_path/Frameworks @loader_path/Frameworks";
				PRODUCT_BUNDLE_IDENTIFIER = "ybon.BaseModel--UITests";
				PRODUCT_NAME = "$(TARGET_NAME)";
				SWIFT_VERSION = 3.0;
				TEST_TARGET_NAME = "BaseModel封装";
			};
			name = Debug;
		};
		8619D03B1DD07531003BDAD7 /* Release */ = {
			isa = XCBuildConfiguration;
			buildSettings = {
				ALWAYS_EMBED_SWIFT_STANDARD_LIBRARIES = YES;
				INFOPLIST_FILE = "BaseModel封装UITests/Info.plist";
				LD_RUNPATH_SEARCH_PATHS = "$(inherited) @executable_path/Frameworks @loader_path/Frameworks";
				PRODUCT_BUNDLE_IDENTIFIER = "ybon.BaseModel--UITests";
				PRODUCT_NAME = "$(TARGET_NAME)";
				SWIFT_VERSION = 3.0;
				TEST_TARGET_NAME = "BaseModel封装";
			};
			name = Release;
		};
/* End XCBuildConfiguration section */

/* Begin XCConfigurationList section */
		8619D0061DD07531003BDAD7 /* Build configuration list for PBXProject "BaseModel封装" */ = {
			isa = XCConfigurationList;
			buildConfigurations = (
				8619D0311DD07531003BDAD7 /* Debug */,
				8619D0321DD07531003BDAD7 /* Release */,
			);
			defaultConfigurationIsVisible = 0;
			defaultConfigurationName = Release;
		};
		8619D0331DD07531003BDAD7 /* Build configuration list for PBXNativeTarget "BaseModel封装" */ = {
			isa = XCConfigurationList;
			buildConfigurations = (
				8619D0341DD07531003BDAD7 /* Debug */,
				8619D0351DD07531003BDAD7 /* Release */,
			);
			defaultConfigurationIsVisible = 0;
			defaultConfigurationName = Release;
		};
		8619D0361DD07531003BDAD7 /* Build configuration list for PBXNativeTarget "BaseModel封装Tests" */ = {
			isa = XCConfigurationList;
			buildConfigurations = (
				8619D0371DD07531003BDAD7 /* Debug */,
				8619D0381DD07531003BDAD7 /* Release */,
			);
			defaultConfigurationIsVisible = 0;
			defaultConfigurationName = Release;
		};
		8619D0391DD07531003BDAD7 /* Build configuration list for PBXNativeTarget "BaseModel封装UITests" */ = {
			isa = XCConfigurationList;
			buildConfigurations = (
				8619D03A1DD07531003BDAD7 /* Debug */,
				8619D03B1DD07531003BDAD7 /* Release */,
			);
			defaultConfigurationIsVisible = 0;
			defaultConfigurationName = Release;
		};
/* End XCConfigurationList section */
	};
	rootObject = 8619D0031DD07531003BDAD7 /* Project object */;
}
